// !$*UTF8*$!
{
	archiveVersion = 1;
	classes = {
	};
	objectVersion = 55;
	objects = {

/* Begin PBXBuildFile section */
		DB8AF5BD28AD10720095BBB9 /* pushApp.swift in Sources */ = {isa = PBXBuildFile; fileRef = DB8AF5BC28AD10720095BBB9 /* pushApp.swift */; };
		DB8AF5BF28AD10720095BBB9 /* ContentView.swift in Sources */ = {isa = PBXBuildFile; fileRef = DB8AF5BE28AD10720095BBB9 /* ContentView.swift */; };
		DB8AF5C128AD10740095BBB9 /* Assets.xcassets in Resources */ = {isa = PBXBuildFile; fileRef = DB8AF5C028AD10740095BBB9 /* Assets.xcassets */; };
		DB8AF5C428AD10740095BBB9 /* Preview Assets.xcassets in Resources */ = {isa = PBXBuildFile; fileRef = DB8AF5C328AD10740095BBB9 /* Preview Assets.xcassets */; };
		DB8AF5C628AD10740095BBB9 /* Persistence.swift in Sources */ = {isa = PBXBuildFile; fileRef = DB8AF5C528AD10740095BBB9 /* Persistence.swift */; };
		DB8AF5C928AD10740095BBB9 /* push.xcdatamodeld in Sources */ = {isa = PBXBuildFile; fileRef = DB8AF5C728AD10740095BBB9 /* push.xcdatamodeld */; };
		DB8AF5D328AD10740095BBB9 /* pushTests.swift in Sources */ = {isa = PBXBuildFile; fileRef = DB8AF5D228AD10740095BBB9 /* pushTests.swift */; };
		DB8AF5DD28AD10740095BBB9 /* pushUITests.swift in Sources */ = {isa = PBXBuildFile; fileRef = DB8AF5DC28AD10740095BBB9 /* pushUITests.swift */; };
		DB8AF5DF28AD10740095BBB9 /* pushUITestsLaunchTests.swift in Sources */ = {isa = PBXBuildFile; fileRef = DB8AF5DE28AD10740095BBB9 /* pushUITestsLaunchTests.swift */; };
/* End PBXBuildFile section */

/* Begin PBXContainerItemProxy section */
		DB8AF5CF28AD10740095BBB9 /* PBXContainerItemProxy */ = {
			isa = PBXContainerItemProxy;
			containerPortal = DB8AF5B128AD10720095BBB9 /* Project object */;
			proxyType = 1;
			remoteGlobalIDString = DB8AF5B828AD10720095BBB9;
			remoteInfo = push;
		};
		DB8AF5D928AD10740095BBB9 /* PBXContainerItemProxy */ = {
			isa = PBXContainerItemProxy;
			containerPortal = DB8AF5B128AD10720095BBB9 /* Project object */;
			proxyType = 1;
			remoteGlobalIDString = DB8AF5B828AD10720095BBB9;
			remoteInfo = push;
		};
/* End PBXContainerItemProxy section */

/* Begin PBXFileReference section */
		DB8AF5B928AD10720095BBB9 /* push.app */ = {isa = PBXFileReference; explicitFileType = wrapper.application; includeInIndex = 0; path = push.app; sourceTree = BUILT_PRODUCTS_DIR; };
		DB8AF5BC28AD10720095BBB9 /* pushApp.swift */ = {isa = PBXFileReference; lastKnownFileType = sourcecode.swift; path = pushApp.swift; sourceTree = "<group>"; };
		DB8AF5BE28AD10720095BBB9 /* ContentView.swift */ = {isa = PBXFileReference; lastKnownFileType = sourcecode.swift; path = ContentView.swift; sourceTree = "<group>"; };
		DB8AF5C028AD10740095BBB9 /* Assets.xcassets */ = {isa = PBXFileReference; lastKnownFileType = folder.assetcatalog; path = Assets.xcassets; sourceTree = "<group>"; };
		DB8AF5C328AD10740095BBB9 /* Preview Assets.xcassets */ = {isa = PBXFileReference; lastKnownFileType = folder.assetcatalog; path = "Preview Assets.xcassets"; sourceTree = "<group>"; };
		DB8AF5C528AD10740095BBB9 /* Persistence.swift */ = {isa = PBXFileReference; lastKnownFileType = sourcecode.swift; path = Persistence.swift; sourceTree = "<group>"; };
		DB8AF5C828AD10740095BBB9 /* push.xcdatamodel */ = {isa = PBXFileReference; lastKnownFileType = wrapper.xcdatamodel; path = push.xcdatamodel; sourceTree = "<group>"; };
		DB8AF5CE28AD10740095BBB9 /* pushTests.xctest */ = {isa = PBXFileReference; explicitFileType = wrapper.cfbundle; includeInIndex = 0; path = pushTests.xctest; sourceTree = BUILT_PRODUCTS_DIR; };
		DB8AF5D228AD10740095BBB9 /* pushTests.swift */ = {isa = PBXFileReference; lastKnownFileType = sourcecode.swift; path = pushTests.swift; sourceTree = "<group>"; };
		DB8AF5D828AD10740095BBB9 /* pushUITests.xctest */ = {isa = PBXFileReference; explicitFileType = wrapper.cfbundle; includeInIndex = 0; path = pushUITests.xctest; sourceTree = BUILT_PRODUCTS_DIR; };
		DB8AF5DC28AD10740095BBB9 /* pushUITests.swift */ = {isa = PBXFileReference; lastKnownFileType = sourcecode.swift; path = pushUITests.swift; sourceTree = "<group>"; };
		DB8AF5DE28AD10740095BBB9 /* pushUITestsLaunchTests.swift */ = {isa = PBXFileReference; lastKnownFileType = sourcecode.swift; path = pushUITestsLaunchTests.swift; sourceTree = "<group>"; };
		DB8AF5EB28AD11560095BBB9 /* push.entitlements */ = {isa = PBXFileReference; lastKnownFileType = text.plist.entitlements; path = push.entitlements; sourceTree = "<group>"; };
/* End PBXFileReference section */

/* Begin PBXFrameworksBuildPhase section */
		DB8AF5B628AD10720095BBB9 /* Frameworks */ = {
			isa = PBXFrameworksBuildPhase;
			buildActionMask = 2147483647;
			files = (
			);
			runOnlyForDeploymentPostprocessing = 0;
		};
		DB8AF5CB28AD10740095BBB9 /* Frameworks */ = {
			isa = PBXFrameworksBuildPhase;
			buildActionMask = 2147483647;
			files = (
			);
			runOnlyForDeploymentPostprocessing = 0;
		};
		DB8AF5D528AD10740095BBB9 /* Frameworks */ = {
			isa = PBXFrameworksBuildPhase;
			buildActionMask = 2147483647;
			files = (
			);
			runOnlyForDeploymentPostprocessing = 0;
		};
/* End PBXFrameworksBuildPhase section */

/* Begin PBXGroup section */
		DB8AF5B028AD10720095BBB9 = {
			isa = PBXGroup;
			children = (
				DB8AF5BB28AD10720095BBB9 /* push */,
				DB8AF5D128AD10740095BBB9 /* pushTests */,
				DB8AF5DB28AD10740095BBB9 /* pushUITests */,
				DB8AF5BA28AD10720095BBB9 /* Products */,
			);
			sourceTree = "<group>";
		};
		DB8AF5BA28AD10720095BBB9 /* Products */ = {
			isa = PBXGroup;
			children = (
				DB8AF5B928AD10720095BBB9 /* push.app */,
				DB8AF5CE28AD10740095BBB9 /* pushTests.xctest */,
				DB8AF5D828AD10740095BBB9 /* pushUITests.xctest */,
			);
			name = Products;
			sourceTree = "<group>";
		};
		DB8AF5BB28AD10720095BBB9 /* push */ = {
			isa = PBXGroup;
			children = (
				DB8AF5EB28AD11560095BBB9 /* push.entitlements */,
				DB8AF5BC28AD10720095BBB9 /* pushApp.swift */,
				DB8AF5BE28AD10720095BBB9 /* ContentView.swift */,
				DB8AF5C028AD10740095BBB9 /* Assets.xcassets */,
				DB8AF5C528AD10740095BBB9 /* Persistence.swift */,
				DB8AF5C728AD10740095BBB9 /* push.xcdatamodeld */,
				DB8AF5C228AD10740095BBB9 /* Preview Content */,
			);
			path = push;
			sourceTree = "<group>";
		};
		DB8AF5C228AD10740095BBB9 /* Preview Content */ = {
			isa = PBXGroup;
			children = (
				DB8AF5C328AD10740095BBB9 /* Preview Assets.xcassets */,
			);
			path = "Preview Content";
			sourceTree = "<group>";
		};
		DB8AF5D128AD10740095BBB9 /* pushTests */ = {
			isa = PBXGroup;
			children = (
				DB8AF5D228AD10740095BBB9 /* pushTests.swift */,
			);
			path = pushTests;
			sourceTree = "<group>";
		};
		DB8AF5DB28AD10740095BBB9 /* pushUITests */ = {
			isa = PBXGroup;
			children = (
				DB8AF5DC28AD10740095BBB9 /* pushUITests.swift */,
				DB8AF5DE28AD10740095BBB9 /* pushUITestsLaunchTests.swift */,
			);
			path = pushUITests;
			sourceTree = "<group>";
		};
/* End PBXGroup section */

/* Begin PBXNativeTarget section */
		DB8AF5B828AD10720095BBB9 /* push */ = {
			isa = PBXNativeTarget;
			buildConfigurationList = DB8AF5E228AD10740095BBB9 /* Build configuration list for PBXNativeTarget "push" */;
			buildPhases = (
				DB8AF5B528AD10720095BBB9 /* Sources */,
				DB8AF5B628AD10720095BBB9 /* Frameworks */,
				DB8AF5B728AD10720095BBB9 /* Resources */,
			);
			buildRules = (
			);
			dependencies = (
			);
			name = push;
			productName = push;
			productReference = DB8AF5B928AD10720095BBB9 /* push.app */;
			productType = "com.apple.product-type.application";
		};
		DB8AF5CD28AD10740095BBB9 /* pushTests */ = {
			isa = PBXNativeTarget;
			buildConfigurationList = DB8AF5E528AD10740095BBB9 /* Build configuration list for PBXNativeTarget "pushTests" */;
			buildPhases = (
				DB8AF5CA28AD10740095BBB9 /* Sources */,
				DB8AF5CB28AD10740095BBB9 /* Frameworks */,
				DB8AF5CC28AD10740095BBB9 /* Resources */,
			);
			buildRules = (
			);
			dependencies = (
				DB8AF5D028AD10740095BBB9 /* PBXTargetDependency */,
			);
			name = pushTests;
			productName = pushTests;
			productReference = DB8AF5CE28AD10740095BBB9 /* pushTests.xctest */;
			productType = "com.apple.product-type.bundle.unit-test";
		};
		DB8AF5D728AD10740095BBB9 /* pushUITests */ = {
			isa = PBXNativeTarget;
			buildConfigurationList = DB8AF5E828AD10740095BBB9 /* Build configuration list for PBXNativeTarget "pushUITests" */;
			buildPhases = (
				DB8AF5D428AD10740095BBB9 /* Sources */,
				DB8AF5D528AD10740095BBB9 /* Frameworks */,
				DB8AF5D628AD10740095BBB9 /* Resources */,
			);
			buildRules = (
			);
			dependencies = (
				DB8AF5DA28AD10740095BBB9 /* PBXTargetDependency */,
			);
			name = pushUITests;
			productName = pushUITests;
			productReference = DB8AF5D828AD10740095BBB9 /* pushUITests.xctest */;
			productType = "com.apple.product-type.bundle.ui-testing";
		};
/* End PBXNativeTarget section */

/* Begin PBXProject section */
		DB8AF5B128AD10720095BBB9 /* Project object */ = {
			isa = PBXProject;
			attributes = {
				BuildIndependentTargetsInParallel = 1;
				LastSwiftUpdateCheck = 1340;
				LastUpgradeCheck = 1340;
				TargetAttributes = {
					DB8AF5B828AD10720095BBB9 = {
						CreatedOnToolsVersion = 13.4.1;
					};
					DB8AF5CD28AD10740095BBB9 = {
						CreatedOnToolsVersion = 13.4.1;
						TestTargetID = DB8AF5B828AD10720095BBB9;
					};
					DB8AF5D728AD10740095BBB9 = {
						CreatedOnToolsVersion = 13.4.1;
						TestTargetID = DB8AF5B828AD10720095BBB9;
					};
				};
			};
			buildConfigurationList = DB8AF5B428AD10720095BBB9 /* Build configuration list for PBXProject "push" */;
			compatibilityVersion = "Xcode 13.0";
			developmentRegion = en;
			hasScannedForEncodings = 0;
			knownRegions = (
				en,
				Base,
			);
			mainGroup = DB8AF5B028AD10720095BBB9;
			productRefGroup = DB8AF5BA28AD10720095BBB9 /* Products */;
			projectDirPath = "";
			projectRoot = "";
			targets = (
				DB8AF5B828AD10720095BBB9 /* push */,
				DB8AF5CD28AD10740095BBB9 /* pushTests */,
				DB8AF5D728AD10740095BBB9 /* pushUITests */,
			);
		};
/* End PBXProject section */

/* Begin PBXResourcesBuildPhase section */
		DB8AF5B728AD10720095BBB9 /* Resources */ = {
			isa = PBXResourcesBuildPhase;
			buildActionMask = 2147483647;
			files = (
				DB8AF5C428AD10740095BBB9 /* Preview Assets.xcassets in Resources */,
				DB8AF5C128AD10740095BBB9 /* Assets.xcassets in Resources */,
			);
			runOnlyForDeploymentPostprocessing = 0;
		};
		DB8AF5CC28AD10740095BBB9 /* Resources */ = {
			isa = PBXResourcesBuildPhase;
			buildActionMask = 2147483647;
			files = (
			);
			runOnlyForDeploymentPostprocessing = 0;
		};
		DB8AF5D628AD10740095BBB9 /* Resources */ = {
			isa = PBXResourcesBuildPhase;
			buildActionMask = 2147483647;
			files = (
			);
			runOnlyForDeploymentPostprocessing = 0;
		};
/* End PBXResourcesBuildPhase section */

/* Begin PBXSourcesBuildPhase section */
		DB8AF5B528AD10720095BBB9 /* Sources */ = {
			isa = PBXSourcesBuildPhase;
			buildActionMask = 2147483647;
			files = (
				DB8AF5C628AD10740095BBB9 /* Persistence.swift in Sources */,
				DB8AF5C928AD10740095BBB9 /* push.xcdatamodeld in Sources */,
				DB8AF5BF28AD10720095BBB9 /* ContentView.swift in Sources */,
				DB8AF5BD28AD10720095BBB9 /* pushApp.swift in Sources */,
			);
			runOnlyForDeploymentPostprocessing = 0;
		};
		DB8AF5CA28AD10740095BBB9 /* Sources */ = {
			isa = PBXSourcesBuildPhase;
			buildActionMask = 2147483647;
			files = (
				DB8AF5D328AD10740095BBB9 /* pushTests.swift in Sources */,
			);
			runOnlyForDeploymentPostprocessing = 0;
		};
		DB8AF5D428AD10740095BBB9 /* Sources */ = {
			isa = PBXSourcesBuildPhase;
			buildActionMask = 2147483647;
			files = (
				DB8AF5DF28AD10740095BBB9 /* pushUITestsLaunchTests.swift in Sources */,
				DB8AF5DD28AD10740095BBB9 /* pushUITests.swift in Sources */,
			);
			runOnlyForDeploymentPostprocessing = 0;
		};
/* End PBXSourcesBuildPhase section */

/* Begin PBXTargetDependency section */
		DB8AF5D028AD10740095BBB9 /* PBXTargetDependency */ = {
			isa = PBXTargetDependency;
			target = DB8AF5B828AD10720095BBB9 /* push */;
			targetProxy = DB8AF5CF28AD10740095BBB9 /* PBXContainerItemProxy */;
		};
		DB8AF5DA28AD10740095BBB9 /* PBXTargetDependency */ = {
			isa = PBXTargetDependency;
			target = DB8AF5B828AD10720095BBB9 /* push */;
			targetProxy = DB8AF5D928AD10740095BBB9 /* PBXContainerItemProxy */;
		};
/* End PBXTargetDependency section */

/* Begin XCBuildConfiguration section */
		DB8AF5E028AD10740095BBB9 /* Debug */ = {
			isa = XCBuildConfiguration;
			buildSettings = {
				ALWAYS_SEARCH_USER_PATHS = NO;
				CLANG_ANALYZER_NONNULL = YES;
				CLANG_ANALYZER_NUMBER_OBJECT_CONVERSION = YES_AGGRESSIVE;
				CLANG_CXX_LANGUAGE_STANDARD = "gnu++17";
				CLANG_ENABLE_MODULES = YES;
				CLANG_ENABLE_OBJC_ARC = YES;
				CLANG_ENABLE_OBJC_WEAK = YES;
				CLANG_WARN_BLOCK_CAPTURE_AUTORELEASING = YES;
				CLANG_WARN_BOOL_CONVERSION = YES;
				CLANG_WARN_COMMA = YES;
				CLANG_WARN_CONSTANT_CONVERSION = YES;
				CLANG_WARN_DEPRECATED_OBJC_IMPLEMENTATIONS = YES;
				CLANG_WARN_DIRECT_OBJC_ISA_USAGE = YES_ERROR;
				CLANG_WARN_DOCUMENTATION_COMMENTS = YES;
				CLANG_WARN_EMPTY_BODY = YES;
				CLANG_WARN_ENUM_CONVERSION = YES;
				CLANG_WARN_INFINITE_RECURSION = YES;
				CLANG_WARN_INT_CONVERSION = YES;
				CLANG_WARN_NON_LITERAL_NULL_CONVERSION = YES;
				CLANG_WARN_OBJC_IMPLICIT_RETAIN_SELF = YES;
				CLANG_WARN_OBJC_LITERAL_CONVERSION = YES;
				CLANG_WARN_OBJC_ROOT_CLASS = YES_ERROR;
				CLANG_WARN_QUOTED_INCLUDE_IN_FRAMEWORK_HEADER = YES;
				CLANG_WARN_RANGE_LOOP_ANALYSIS = YES;
				CLANG_WARN_STRICT_PROTOTYPES = YES;
				CLANG_WARN_SUSPICIOUS_MOVE = YES;
				CLANG_WARN_UNGUARDED_AVAILABILITY = YES_AGGRESSIVE;
				CLANG_WARN_UNREACHABLE_CODE = YES;
				CLANG_WARN__DUPLICATE_METHOD_MATCH = YES;
				COPY_PHASE_STRIP = NO;
				DEBUG_INFORMATION_FORMAT = dwarf;
				ENABLE_STRICT_OBJC_MSGSEND = YES;
				ENABLE_TESTABILITY = YES;
				GCC_C_LANGUAGE_STANDARD = gnu11;
				GCC_DYNAMIC_NO_PIC = NO;
				GCC_NO_COMMON_BLOCKS = YES;
				GCC_OPTIMIZATION_LEVEL = 0;
				GCC_PREPROCESSOR_DEFINITIONS = (
					"DEBUG=1",
					"$(inherited)",
				);
				GCC_WARN_64_TO_32_BIT_CONVERSION = YES;
				GCC_WARN_ABOUT_RETURN_TYPE = YES_ERROR;
				GCC_WARN_UNDECLARED_SELECTOR = YES;
				GCC_WARN_UNINITIALIZED_AUTOS = YES_AGGRESSIVE;
				GCC_WARN_UNUSED_FUNCTION = YES;
				GCC_WARN_UNUSED_VARIABLE = YES;
				IPHONEOS_DEPLOYMENT_TARGET = 15.5;
				MTL_ENABLE_DEBUG_INFO = INCLUDE_SOURCE;
				MTL_FAST_MATH = YES;
				ONLY_ACTIVE_ARCH = YES;
				SDKROOT = iphoneos;
				SWIFT_ACTIVE_COMPILATION_CONDITIONS = DEBUG;
				SWIFT_OPTIMIZATION_LEVEL = "-Onone";
			};
			name = Debug;
		};
		DB8AF5E128AD10740095BBB9 /* Release */ = {
			isa = XCBuildConfiguration;
			buildSettings = {
				ALWAYS_SEARCH_USER_PATHS = NO;
				CLANG_ANALYZER_NONNULL = YES;
				CLANG_ANALYZER_NUMBER_OBJECT_CONVERSION = YES_AGGRESSIVE;
				CLANG_CXX_LANGUAGE_STANDARD = "gnu++17";
				CLANG_ENABLE_MODULES = YES;
				CLANG_ENABLE_OBJC_ARC = YES;
				CLANG_ENABLE_OBJC_WEAK = YES;
				CLANG_WARN_BLOCK_CAPTURE_AUTORELEASING = YES;
				CLANG_WARN_BOOL_CONVERSION = YES;
				CLANG_WARN_COMMA = YES;
				CLANG_WARN_CONSTANT_CONVERSION = YES;
				CLANG_WARN_DEPRECATED_OBJC_IMPLEMENTATIONS = YES;
				CLANG_WARN_DIRECT_OBJC_ISA_USAGE = YES_ERROR;
				CLANG_WARN_DOCUMENTATION_COMMENTS = YES;
				CLANG_WARN_EMPTY_BODY = YES;
				CLANG_WARN_ENUM_CONVERSION = YES;
				CLANG_WARN_INFINITE_RECURSION = YES;
				CLANG_WARN_INT_CONVERSION = YES;
				CLANG_WARN_NON_LITERAL_NULL_CONVERSION = YES;
				CLANG_WARN_OBJC_IMPLICIT_RETAIN_SELF = YES;
				CLANG_WARN_OBJC_LITERAL_CONVERSION = YES;
				CLANG_WARN_OBJC_ROOT_CLASS = YES_ERROR;
				CLANG_WARN_QUOTED_INCLUDE_IN_FRAMEWORK_HEADER = YES;
				CLANG_WARN_RANGE_LOOP_ANALYSIS = YES;
				CLANG_WARN_STRICT_PROTOTYPES = YES;
				CLANG_WARN_SUSPICIOUS_MOVE = YES;
				CLANG_WARN_UNGUARDED_AVAILABILITY = YES_AGGRESSIVE;
				CLANG_WARN_UNREACHABLE_CODE = YES;
				CLANG_WARN__DUPLICATE_METHOD_MATCH = YES;
				COPY_PHASE_STRIP = NO;
				DEBUG_INFORMATION_FORMAT = "dwarf-with-dsym";
				ENABLE_NS_ASSERTIONS = NO;
				ENABLE_STRICT_OBJC_MSGSEND = YES;
				GCC_C_LANGUAGE_STANDARD = gnu11;
				GCC_NO_COMMON_BLOCKS = YES;
				GCC_WARN_64_TO_32_BIT_CONVERSION = YES;
				GCC_WARN_ABOUT_RETURN_TYPE = YES_ERROR;
				GCC_WARN_UNDECLARED_SELECTOR = YES;
				GCC_WARN_UNINITIALIZED_AUTOS = YES_AGGRESSIVE;
				GCC_WARN_UNUSED_FUNCTION = YES;
				GCC_WARN_UNUSED_VARIABLE = YES;
				IPHONEOS_DEPLOYMENT_TARGET = 15.5;
				MTL_ENABLE_DEBUG_INFO = NO;
				MTL_FAST_MATH = YES;
				SDKROOT = iphoneos;
				SWIFT_COMPILATION_MODE = wholemodule;
				SWIFT_OPTIMIZATION_LEVEL = "-O";
				VALIDATE_PRODUCT = YES;
			};
			name = Release;
		};
		DB8AF5E328AD10740095BBB9 /* Debug */ = {
			isa = XCBuildConfiguration;
			buildSettings = {
				ASSETCATALOG_COMPILER_APPICON_NAME = AppIcon;
				ASSETCATALOG_COMPILER_GLOBAL_ACCENT_COLOR_NAME = AccentColor;
				CODE_SIGN_ENTITLEMENTS = push/push.entitlements;
				CODE_SIGN_STYLE = Automatic;
				CURRENT_PROJECT_VERSION = 1;
				DEVELOPMENT_ASSET_PATHS = "\"push/Preview Content\"";
				DEVELOPMENT_TEAM = 38X88QP3HA;
				ENABLE_PREVIEWS = YES;
				GENERATE_INFOPLIST_FILE = YES;
				INFOPLIST_KEY_UIApplicationSceneManifest_Generation = YES;
				INFOPLIST_KEY_UIApplicationSupportsIndirectInputEvents = YES;
				INFOPLIST_KEY_UILaunchScreen_Generation = YES;
				INFOPLIST_KEY_UISupportedInterfaceOrientations_iPad = "UIInterfaceOrientationPortrait UIInterfaceOrientationPortraitUpsideDown UIInterfaceOrientationLandscapeLeft UIInterfaceOrientationLandscapeRight";
				INFOPLIST_KEY_UISupportedInterfaceOrientations_iPhone = "UIInterfaceOrientationPortrait UIInterfaceOrientationLandscapeLeft UIInterfaceOrientationLandscapeRight";
				LD_RUNPATH_SEARCH_PATHS = (
					"$(inherited)",
					"@executable_path/Frameworks",
				);
				MARKETING_VERSION = 1.0;
				PRODUCT_BUNDLE_IDENTIFIER = com.IconImpact.Carrier;
				PRODUCT_NAME = "$(TARGET_NAME)";
				SWIFT_EMIT_LOC_STRINGS = YES;
				SWIFT_VERSION = 5.0;
				TARGETED_DEVICE_FAMILY = 1;
			};
			name = Debug;
		};
		DB8AF5E428AD10740095BBB9 /* Release */ = {
			isa = XCBuildConfiguration;
			buildSettings = {
				ASSETCATALOG_COMPILER_APPICON_NAME = AppIcon;
				ASSETCATALOG_COMPILER_GLOBAL_ACCENT_COLOR_NAME = AccentColor;
				CODE_SIGN_ENTITLEMENTS = push/push.entitlements;
				CODE_SIGN_STYLE = Automatic;
				CURRENT_PROJECT_VERSION = 1;
				DEVELOPMENT_ASSET_PATHS = "\"push/Preview Content\"";
				DEVELOPMENT_TEAM = 38X88QP3HA;
				ENABLE_PREVIEWS = YES;
				GENERATE_INFOPLIST_FILE = YES;
				INFOPLIST_KEY_UIApplicationSceneManifest_Generation = YES;
				INFOPLIST_KEY_UIApplicationSupportsIndirectInputEvents = YES;
				INFOPLIST_KEY_UILaunchScreen_Generation = YES;
				INFOPLIST_KEY_UISupportedInterfaceOrientations_iPad = "UIInterfaceOrientationPortrait UIInterfaceOrientationPortraitUpsideDown UIInterfaceOrientationLandscapeLeft UIInterfaceOrientationLandscapeRight";
				INFOPLIST_KEY_UISupportedInterfaceOrientations_iPhone = "UIInterfaceOrientationPortrait UIInterfaceOrientationLandscapeLeft UIInterfaceOrientationLandscapeRight";
				LD_RUNPATH_SEARCH_PATHS = (
					"$(inherited)",
					"@executable_path/Frameworks",
				);
				MARKETING_VERSION = 1.0;
				PRODUCT_BUNDLE_IDENTIFIER = com.IconImpact.Carrier;
				PRODUCT_NAME = "$(TARGET_NAME)";
				SWIFT_EMIT_LOC_STRINGS = YES;
				SWIFT_VERSION = 5.0;
				TARGETED_DEVICE_FAMILY = 1;
			};
			name = Release;
		};
		DB8AF5E628AD10740095BBB9 /* Debug */ = {
			isa = XCBuildConfiguration;
			buildSettings = {
				ALWAYS_EMBED_SWIFT_STANDARD_LIBRARIES = YES;
				BUNDLE_LOADER = "$(TEST_HOST)";
				CODE_SIGN_STYLE = Automatic;
				CURRENT_PROJECT_VERSION = 1;
				DEVELOPMENT_TEAM = 38X88QP3HA;
				GENERATE_INFOPLIST_FILE = YES;
				IPHONEOS_DEPLOYMENT_TARGET = 15.5;
				MARKETING_VERSION = 1.0;
				PRODUCT_BUNDLE_IDENTIFIER = com.IconImpact.Carrier.pushTests;
				PRODUCT_NAME = "$(TARGET_NAME)";
				SWIFT_EMIT_LOC_STRINGS = NO;
				SWIFT_VERSION = 5.0;
				TARGETED_DEVICE_FAMILY = "1,2";
				TEST_HOST = "$(BUILT_PRODUCTS_DIR)/push.app/push";
			};
			name = Debug;
		};
		DB8AF5E728AD10740095BBB9 /* Release */ = {
			isa = XCBuildConfiguration;
			buildSettings = {
				ALWAYS_EMBED_SWIFT_STANDARD_LIBRARIES = YES;
				BUNDLE_LOADER = "$(TEST_HOST)";
				CODE_SIGN_STYLE = Automatic;
				CURRENT_PROJECT_VERSION = 1;
				DEVELOPMENT_TEAM = 38X88QP3HA;
				GENERATE_INFOPLIST_FILE = YES;
				IPHONEOS_DEPLOYMENT_TARGET = 15.5;
				MARKETING_VERSION = 1.0;
				PRODUCT_BUNDLE_IDENTIFIER = com.IconImpact.Carrier.pushTests;
				PRODUCT_NAME = "$(TARGET_NAME)";
				SWIFT_EMIT_LOC_STRINGS = NO;
				SWIFT_VERSION = 5.0;
				TARGETED_DEVICE_FAMILY = "1,2";
				TEST_HOST = "$(BUILT_PRODUCTS_DIR)/push.app/push";
			};
			name = Release;
		};
		DB8AF5E928AD10740095BBB9 /* Debug */ = {
			isa = XCBuildConfiguration;
			buildSettings = {
				ALWAYS_EMBED_SWIFT_STANDARD_LIBRARIES = YES;
				CODE_SIGN_STYLE = Automatic;
				CURRENT_PROJECT_VERSION = 1;
				DEVELOPMENT_TEAM = 38X88QP3HA;
				GENERATE_INFOPLIST_FILE = YES;
				MARKETING_VERSION = 1.0;
				PRODUCT_BUNDLE_IDENTIFIER = com.IconImpact.Carrier.pushUITests;
				PRODUCT_NAME = "$(TARGET_NAME)";
				SWIFT_EMIT_LOC_STRINGS = NO;
				SWIFT_VERSION = 5.0;
				TARGETED_DEVICE_FAMILY = "1,2";
				TEST_TARGET_NAME = push;
			};
			name = Debug;
		};
		DB8AF5EA28AD10740095BBB9 /* Release */ = {
			isa = XCBuildConfiguration;
			buildSettings = {
				ALWAYS_EMBED_SWIFT_STANDARD_LIBRARIES = YES;
				CODE_SIGN_STYLE = Automatic;
				CURRENT_PROJECT_VERSION = 1;
				DEVELOPMENT_TEAM = 38X88QP3HA;
				GENERATE_INFOPLIST_FILE = YES;
				MARKETING_VERSION = 1.0;
				PRODUCT_BUNDLE_IDENTIFIER = com.IconImpact.Carrier.pushUITests;
				PRODUCT_NAME = "$(TARGET_NAME)";
				SWIFT_EMIT_LOC_STRINGS = NO;
				SWIFT_VERSION = 5.0;
				TARGETED_DEVICE_FAMILY = "1,2";
				TEST_TARGET_NAME = push;
			};
			name = Release;
		};
/* End XCBuildConfiguration section */

/* Begin XCConfigurationList section */
		DB8AF5B428AD10720095BBB9 /* Build configuration list for PBXProject "push" */ = {
			isa = XCConfigurationList;
			buildConfigurations = (
				DB8AF5E028AD10740095BBB9 /* Debug */,
				DB8AF5E128AD10740095BBB9 /* Release */,
			);
			defaultConfigurationIsVisible = 0;
			defaultConfigurationName = Release;
		};
		DB8AF5E228AD10740095BBB9 /* Build configuration list for PBXNativeTarget "push" */ = {
			isa = XCConfigurationList;
			buildConfigurations = (
				DB8AF5E328AD10740095BBB9 /* Debug */,
				DB8AF5E428AD10740095BBB9 /* Release */,
			);
			defaultConfigurationIsVisible = 0;
			defaultConfigurationName = Release;
		};
		DB8AF5E528AD10740095BBB9 /* Build configuration list for PBXNativeTarget "pushTests" */ = {
			isa = XCConfigurationList;
			buildConfigurations = (
				DB8AF5E628AD10740095BBB9 /* Debug */,
				DB8AF5E728AD10740095BBB9 /* Release */,
			);
			defaultConfigurationIsVisible = 0;
			defaultConfigurationName = Release;
		};
		DB8AF5E828AD10740095BBB9 /* Build configuration list for PBXNativeTarget "pushUITests" */ = {
			isa = XCConfigurationList;
			buildConfigurations = (
				DB8AF5E928AD10740095BBB9 /* Debug */,
				DB8AF5EA28AD10740095BBB9 /* Release */,
			);
			defaultConfigurationIsVisible = 0;
			defaultConfigurationName = Release;
		};
/* End XCConfigurationList section */

/* Begin XCVersionGroup section */
		DB8AF5C728AD10740095BBB9 /* push.xcdatamodeld */ = {
			isa = XCVersionGroup;
			children = (
				DB8AF5C828AD10740095BBB9 /* push.xcdatamodel */,
			);
			currentVersion = DB8AF5C828AD10740095BBB9 /* push.xcdatamodel */;
			path = push.xcdatamodeld;
			sourceTree = "<group>";
			versionGroupType = wrapper.xcdatamodel;
		};
/* End XCVersionGroup section */
	};
	rootObject = DB8AF5B128AD10720095BBB9 /* Project object */;
}
